
Microsoft Visual Studio Solution File, Format Version 12.00
# Visual Studio Version 17
VisualStudioVersion = 17.2.32526.322
MinimumVisualStudioVersion = 10.0.40219.1
Project("{FAE04EC0-301F-11D3-BF4B-00C04F79EFBC}") = "CSS", "CSS\CSS.csproj", "{2527233D-2306-4E62-ABC1-B521D894923B}"
EndProject
Global
	GlobalSection(SolutionConfigurationPlatforms) = preSolution
		Debug|Any CPU = Debug|Any CPU
		Release|Any CPU = Release|Any CPU
	EndGlobalSection
	GlobalSection(ProjectConfigurationPlatforms) = postSolution
		{2527233D-2306-4E62-ABC1-B521D894923B}.Debug|Any CPU.ActiveCfg = Debug|Any CPU
		{2527233D-2306-4E62-ABC1-B521D894923B}.Debug|Any CPU.Build.0 = Debug|Any CPU
		{2527233D-2306-4E62-ABC1-B521D894923B}.Release|Any CPU.ActiveCfg = Release|Any CPU
		{2527233D-2306-4E62-ABC1-B521D894923B}.Release|Any CPU.Build.0 = Release|Any CPU
	EndGlobalSection
	GlobalSection(SolutionProperties) = preSolution
		HideSolutionNode = FALSE
	EndGlobalSection
	GlobalSection(ExtensibilityGlobals) = postSolution
		SolutionGuid = {700CD8F8-001A-40BB-9DE9-BF51808DBA77}
	EndGlobalSection
EndGlobal
